{
  "requires": true,
  "lockfileVersion": 1,
  "dependencies": {
    "@googlemaps/js-api-loader": {
      "version": "1.12.8",
      "resolved": "https://registry.npmjs.org/@googlemaps/js-api-loader/-/js-api-loader-1.12.8.tgz",
      "integrity": "sha512-h1RNVIJkHWL4UrdJo8fwECJwSRg8CSIfTEtPdzvThcji7tAPvVBDVBPzvPKhvl8e8mWEGPhnYOt6kPfSxJL+vQ==",
      "requires": {
        "fast-deep-equal": "^3.1.3"
      }
    },
    "@googlemaps/markerclusterer": {
      "version": "1.0.12",
      "resolved": "https://registry.npmjs.org/@googlemaps/markerclusterer/-/markerclusterer-1.0.12.tgz",
      "integrity": "sha512-DSmN2w1ZoI+PBWfNCKYcr+zalP0uaaKIU08+UgebJYZ96X+J6CdUpD+xOVwBV1OJDiIXkneHquOZnT+V6dm+Sg==",
      "requires": {
        "@turf/clusters-dbscan": "^6.4.0",
        "@turf/clusters-kmeans": "^6.4.0",
        "fast-deep-equal": "^3.1.3",
        "supercluster": "^7.1.3"
      }
    },
    "@react-google-maps/infobox": {
      "version": "2.6.0",
      "resolved": "https://registry.npmjs.org/@react-google-maps/infobox/-/infobox-2.6.0.tgz",
      "integrity": "sha512-2dXVZsuZ2PjelVg+slpUSYPnvoSIySwf4P/wScGijjqu6bpvhyX9AivitsF7zHfbwnZ0gAPX1Q8xtQhKgawkEg=="
    },
    "@react-google-maps/marker-clusterer": {
      "version": "2.6.0",
      "resolved": "https://registry.npmjs.org/@react-google-maps/marker-clusterer/-/marker-clusterer-2.6.0.tgz",
      "integrity": "sha512-EjeoCM+U/6W9qoGWqurcDbCubqTEDTFET7Jd3XcLHqTLvFAE473x2YbQg98mJXKNgPKcPTNEcTiYYGiIz9tEjA=="
    },
    "@turf/clone": {
      "version": "6.5.0",
      "resolved": "https://registry.npmjs.org/@turf/clone/-/clone-6.5.0.tgz",
      "integrity": "sha512-mzVtTFj/QycXOn6ig+annKrM6ZlimreKYz6f/GSERytOpgzodbQyOgkfwru100O1KQhhjSudKK4DsQ0oyi9cTw==",
      "requires": {
        "@turf/helpers": "^6.5.0"
      }
    },
    "@turf/clusters-dbscan": {
      "version": "6.5.0",
      "resolved": "https://registry.npmjs.org/@turf/clusters-dbscan/-/clusters-dbscan-6.5.0.tgz",
      "integrity": "sha512-SxZEE4kADU9DqLRiT53QZBBhu8EP9skviSyl+FGj08Y01xfICM/RR9ACUdM0aEQimhpu+ZpRVcUK+2jtiCGrYQ==",
      "requires": {
        "@turf/clone": "^6.5.0",
        "@turf/distance": "^6.5.0",
        "@turf/helpers": "^6.5.0",
        "@turf/meta": "^6.5.0",
        "density-clustering": "1.3.0"
      }
    },
    "@turf/clusters-kmeans": {
      "version": "6.5.0",
      "resolved": "https://registry.npmjs.org/@turf/clusters-kmeans/-/clusters-kmeans-6.5.0.tgz",
      "integrity": "sha512-DwacD5+YO8kwDPKaXwT9DV46tMBVNsbi1IzdajZu1JDSWoN7yc7N9Qt88oi+p30583O0UPVkAK+A10WAQv4mUw==",
      "requires": {
        "@turf/clone": "^6.5.0",
        "@turf/helpers": "^6.5.0",
        "@turf/invariant": "^6.5.0",
        "@turf/meta": "^6.5.0",
        "skmeans": "0.9.7"
      }
    },
    "@turf/distance": {
      "version": "6.5.0",
      "resolved": "https://registry.npmjs.org/@turf/distance/-/distance-6.5.0.tgz",
      "integrity": "sha512-xzykSLfoURec5qvQJcfifw/1mJa+5UwByZZ5TZ8iaqjGYN0vomhV9aiSLeYdUGtYRESZ+DYC/OzY+4RclZYgMg==",
      "requires": {
        "@turf/helpers": "^6.5.0",
        "@turf/invariant": "^6.5.0"
      }
    },
    "@turf/helpers": {
      "version": "6.5.0",
      "resolved": "https://registry.npmjs.org/@turf/helpers/-/helpers-6.5.0.tgz",
      "integrity": "sha512-VbI1dV5bLFzohYYdgqwikdMVpe7pJ9X3E+dlr425wa2/sMJqYDhTO++ec38/pcPvPE6oD9WEEeU3Xu3gza+VPw=="
    },
    "@turf/invariant": {
      "version": "6.5.0",
      "resolved": "https://registry.npmjs.org/@turf/invariant/-/invariant-6.5.0.tgz",
      "integrity": "sha512-Wv8PRNCtPD31UVbdJE/KVAWKe7l6US+lJItRR/HOEW3eh+U/JwRCSUl/KZ7bmjM/C+zLNoreM2TU6OoLACs4eg==",
      "requires": {
        "@turf/helpers": "^6.5.0"
      }
    },
    "@turf/meta": {
      "version": "6.5.0",
      "resolved": "https://registry.npmjs.org/@turf/meta/-/meta-6.5.0.tgz",
      "integrity": "sha512-RrArvtsV0vdsCBegoBtOalgdSOfkBrTJ07VkpiCnq/491W67hnMWmDu7e6Ztw0C3WldRYTXkg3SumfdzZxLBHA==",
      "requires": {
        "@turf/helpers": "^6.5.0"
      }
    },
    "@types/google.maps": {
      "version": "3.46.1",
      "resolved": "https://registry.npmjs.org/@types/google.maps/-/google.maps-3.46.1.tgz",
      "integrity": "sha512-GAa5ZWYgXG50yLXybb7A824esGm/L0LKHS7qD0qkP0IA/Qp5r922P9tmYcbCkGEf3Zgf7Ukbp7l08/IGIJuQwQ=="
    },
    "density-clustering": {
      "version": "1.3.0",
      "resolved": "https://registry.npmjs.org/density-clustering/-/density-clustering-1.3.0.tgz",
      "integrity": "sha1-3J9ZyPCrl+FiSsZJMP0xlIF9ysU="
    },
    "fast-deep-equal": {
      "version": "3.1.3",
      "resolved": "https://registry.npmjs.org/fast-deep-equal/-/fast-deep-equal-3.1.3.tgz",
      "integrity": "sha512-f3qQ9oQy9j2AhBe/H9VC91wLmKBCCU/gDOnKNAYG5hswO7BLKj09Hc5HYNz9cGI++xlpDCIgDaitVs03ATR84Q=="
    },
    "invariant": {
      "version": "2.2.4",
      "resolved": "https://registry.npmjs.org/invariant/-/invariant-2.2.4.tgz",
      "integrity": "sha512-phJfQVBuaJM5raOpJjSfkiD6BpbCE4Ns//LaXl6wGYtUBY83nWS6Rf9tXm2e8VaK60JEjYldbPif/A2B1C2gNA==",
      "requires": {
        "loose-envify": "^1.0.0"
      }
    },
    "js-tokens": {
      "version": "4.0.0",
      "resolved": "https://registry.npmjs.org/js-tokens/-/js-tokens-4.0.0.tgz",
      "integrity": "sha512-RdJUflcE3cUzKiMqQgsCu06FPu9UdIJO0beYbPhHN4k6apgJtifcoCtT9bcxOpYBtpD2kCM6Sbzg4CausW/PKQ=="
    },
    "kdbush": {
      "version": "3.0.0",
      "resolved": "https://registry.npmjs.org/kdbush/-/kdbush-3.0.0.tgz",
      "integrity": "sha512-hRkd6/XW4HTsA9vjVpY9tuXJYLSlelnkTmVFu4M9/7MIYQtFcHpbugAU7UbOfjOiVSVYl2fqgBuJ32JUmRo5Ew=="
    },
    "loose-envify": {
      "version": "1.4.0",
      "resolved": "https://registry.npmjs.org/loose-envify/-/loose-envify-1.4.0.tgz",
      "integrity": "sha512-lyuxPGr/Wfhrlem2CL/UcnUc1zcqKAImBDzukY7Y5F/yQiNdko6+fRLevlw1HgMySw7f611UIY408EtxRSoK3Q==",
      "requires": {
        "js-tokens": "^3.0.0 || ^4.0.0"
      }
    },
    "skmeans": {
      "version": "0.9.7",
      "resolved": "https://registry.npmjs.org/skmeans/-/skmeans-0.9.7.tgz",
      "integrity": "sha512-hNj1/oZ7ygsfmPZ7ZfN5MUBRoGg1gtpnImuJBgLO0ljQ67DtJuiQaiYdS4lUA6s0KCwnPhGivtC/WRwIZLkHyg=="
    },
    "supercluster": {
      "version": "7.1.4",
      "resolved": "https://registry.npmjs.org/supercluster/-/supercluster-7.1.4.tgz",
      "integrity": "sha512-GhKkRM1jMR6WUwGPw05fs66pOFWhf59lXq+Q3J3SxPvhNcmgOtLRV6aVQPMRsmXdpaeFJGivt+t7QXUPL3ff4g==",
      "requires": {
        "kdbush": "^3.0.0"
      }
    }
  }
}
